// !$*UTF8*$!
{
	archiveVersion = 1;
	classes = {
	};
	objectVersion = 50;
	objects = {

/* Begin PBXBuildFile section */
		E218E66A26E6972800BE2EF8 /* TabBarWithCorners.swift in Sources */ = {isa = PBXBuildFile; fileRef = E218E66926E6972800BE2EF8 /* TabBarWithCorners.swift */; };
		E221011C26E74D6E00B6FF4F /* CategoryCell.swift in Sources */ = {isa = PBXBuildFile; fileRef = E221011A26E74D6E00B6FF4F /* CategoryCell.swift */; };
		E221011D26E74D6E00B6FF4F /* CategoryCell.xib in Resources */ = {isa = PBXBuildFile; fileRef = E221011B26E74D6E00B6FF4F /* CategoryCell.xib */; };
		E221012126E74E7300B6FF4F /* HomeVC.swift in Sources */ = {isa = PBXBuildFile; fileRef = E221012026E74E7300B6FF4F /* HomeVC.swift */; };
		E221012426E74EE400B6FF4F /* CategoryModel.swift in Sources */ = {isa = PBXBuildFile; fileRef = E221012326E74EE400B6FF4F /* CategoryModel.swift */; };
		E221012926E7510300B6FF4F /* HomeViewModel.swift in Sources */ = {isa = PBXBuildFile; fileRef = E221012826E7510300B6FF4F /* HomeViewModel.swift */; };
		E221012B26E75E3E00B6FF4F /* DemoView.swift in Sources */ = {isa = PBXBuildFile; fileRef = E221012A26E75E3E00B6FF4F /* DemoView.swift */; };
		E221012F26E764FC00B6FF4F /* Extensions.swift in Sources */ = {isa = PBXBuildFile; fileRef = E221012E26E764FC00B6FF4F /* Extensions.swift */; };
		E25F23C826E7C07200B2EF0C /* ProductsCell.swift in Sources */ = {isa = PBXBuildFile; fileRef = E25F23C626E7C07200B2EF0C /* ProductsCell.swift */; };
		E25F23C926E7C07200B2EF0C /* ProductsCell.xib in Resources */ = {isa = PBXBuildFile; fileRef = E25F23C726E7C07200B2EF0C /* ProductsCell.xib */; };
		E25F23CB26E7C38D00B2EF0C /* FavouriteVC.swift in Sources */ = {isa = PBXBuildFile; fileRef = E25F23CA26E7C38D00B2EF0C /* FavouriteVC.swift */; };
		E2856FCE26E8F9D7001DA902 /* CartVC.swift in Sources */ = {isa = PBXBuildFile; fileRef = E2856FCD26E8F9D7001DA902 /* CartVC.swift */; };
		E2856FD226E8FA19001DA902 /* CartCell.swift in Sources */ = {isa = PBXBuildFile; fileRef = E2856FD026E8FA19001DA902 /* CartCell.swift */; };
		E2856FD326E8FA19001DA902 /* CartCell.xib in Resources */ = {isa = PBXBuildFile; fileRef = E2856FD126E8FA19001DA902 /* CartCell.xib */; };
		E28BCF602701467B0044FC98 /* WhiteCustomView.swift in Sources */ = {isa = PBXBuildFile; fileRef = E28BCF5F2701467B0044FC98 /* WhiteCustomView.swift */; };
		E299C13526E81E2800B51DAE /* OrderDetailsVC.swift in Sources */ = {isa = PBXBuildFile; fileRef = E299C13426E81E2800B51DAE /* OrderDetailsVC.swift */; };
		E299C13926E81EC200B51DAE /* SliderCell.swift in Sources */ = {isa = PBXBuildFile; fileRef = E299C13726E81EC200B51DAE /* SliderCell.swift */; };
		E299C13A26E81EC200B51DAE /* SliderCell.xib in Resources */ = {isa = PBXBuildFile; fileRef = E299C13826E81EC200B51DAE /* SliderCell.xib */; };
		E29A4D8126EC1C4F0013D5F9 /* CartModel.swift in Sources */ = {isa = PBXBuildFile; fileRef = E29A4D8026EC1C4F0013D5F9 /* CartModel.swift */; };
		E29A4D8326EC1C960013D5F9 /* CartViewModel.swift in Sources */ = {isa = PBXBuildFile; fileRef = E29A4D8226EC1C960013D5F9 /* CartViewModel.swift */; };
		E2B248AF26ED149000E04565 /* DataBaseCartManager.swift in Sources */ = {isa = PBXBuildFile; fileRef = E2B248AE26ED149000E04565 /* DataBaseCartManager.swift */; };
		E2B943D526EA644000955E6F /* AMToaster.swift in Sources */ = {isa = PBXBuildFile; fileRef = E2B943D326EA643F00955E6F /* AMToaster.swift */; };
		E2B943D626EA644000955E6F /* AMToaster.xib in Resources */ = {isa = PBXBuildFile; fileRef = E2B943D426EA643F00955E6F /* AMToaster.xib */; };
		E2B943D826EA652300955E6F /* DataBaseManager.swift in Sources */ = {isa = PBXBuildFile; fileRef = E2B943D726EA652300955E6F /* DataBaseManager.swift */; };
		E2BBD11926E684640071C2DB /* AppDelegate.swift in Sources */ = {isa = PBXBuildFile; fileRef = E2BBD11826E684640071C2DB /* AppDelegate.swift */; };
		E2BBD11B26E684640071C2DB /* SceneDelegate.swift in Sources */ = {isa = PBXBuildFile; fileRef = E2BBD11A26E684640071C2DB /* SceneDelegate.swift */; };
		E2BBD12026E684640071C2DB /* Main.storyboard in Resources */ = {isa = PBXBuildFile; fileRef = E2BBD11E26E684640071C2DB /* Main.storyboard */; };
		E2BBD12326E684640071C2DB /* AppSquareTask.xcdatamodeld in Sources */ = {isa = PBXBuildFile; fileRef = E2BBD12126E684640071C2DB /* AppSquareTask.xcdatamodeld */; };
		E2BBD12526E684650071C2DB /* Assets.xcassets in Resources */ = {isa = PBXBuildFile; fileRef = E2BBD12426E684650071C2DB /* Assets.xcassets */; };
		E2BBD12826E684650071C2DB /* LaunchScreen.storyboard in Resources */ = {isa = PBXBuildFile; fileRef = E2BBD12626E684650071C2DB /* LaunchScreen.storyboard */; };
		E2EA32E326E7B9CA00A2FD5E /* WishListCell.swift in Sources */ = {isa = PBXBuildFile; fileRef = E2EA32E126E7B9CA00A2FD5E /* WishListCell.swift */; };
		E2EA32E426E7B9CA00A2FD5E /* WishListCell.xib in Resources */ = {isa = PBXBuildFile; fileRef = E2EA32E226E7B9CA00A2FD5E /* WishListCell.xib */; };
		E2F09F022700C8A800211FEB /* CustomView.swift in Sources */ = {isa = PBXBuildFile; fileRef = E2F09F012700C8A800211FEB /* CustomView.swift */; };
		E2F09F042700C97C00211FEB /* CGFloat+Extensions.swift in Sources */ = {isa = PBXBuildFile; fileRef = E2F09F032700C97C00211FEB /* CGFloat+Extensions.swift */; };
		E2F09F062700C9AC00211FEB /* CGPoint+Extensions.swift in Sources */ = {isa = PBXBuildFile; fileRef = E2F09F052700C9AC00211FEB /* CGPoint+Extensions.swift */; };
/* End PBXBuildFile section */

/* Begin PBXFileReference section */
		E218E66926E6972800BE2EF8 /* TabBarWithCorners.swift */ = {isa = PBXFileReference; lastKnownFileType = sourcecode.swift; path = TabBarWithCorners.swift; sourceTree = "<group>"; };
		E221011A26E74D6E00B6FF4F /* CategoryCell.swift */ = {isa = PBXFileReference; lastKnownFileType = sourcecode.swift; path = CategoryCell.swift; sourceTree = "<group>"; };
		E221011B26E74D6E00B6FF4F /* CategoryCell.xib */ = {isa = PBXFileReference; lastKnownFileType = file.xib; path = CategoryCell.xib; sourceTree = "<group>"; };
		E221012026E74E7300B6FF4F /* HomeVC.swift */ = {isa = PBXFileReference; lastKnownFileType = sourcecode.swift; path = HomeVC.swift; sourceTree = "<group>"; };
		E221012326E74EE400B6FF4F /* CategoryModel.swift */ = {isa = PBXFileReference; lastKnownFileType = sourcecode.swift; path = CategoryModel.swift; sourceTree = "<group>"; };
		E221012826E7510300B6FF4F /* HomeViewModel.swift */ = {isa = PBXFileReference; lastKnownFileType = sourcecode.swift; path = HomeViewModel.swift; sourceTree = "<group>"; };
		E221012A26E75E3E00B6FF4F /* DemoView.swift */ = {isa = PBXFileReference; lastKnownFileType = sourcecode.swift; path = DemoView.swift; sourceTree = "<group>"; };
		E221012E26E764FC00B6FF4F /* Extensions.swift */ = {isa = PBXFileReference; lastKnownFileType = sourcecode.swift; path = Extensions.swift; sourceTree = "<group>"; };
		E25F23C626E7C07200B2EF0C /* ProductsCell.swift */ = {isa = PBXFileReference; lastKnownFileType = sourcecode.swift; path = ProductsCell.swift; sourceTree = "<group>"; };
		E25F23C726E7C07200B2EF0C /* ProductsCell.xib */ = {isa = PBXFileReference; lastKnownFileType = file.xib; path = ProductsCell.xib; sourceTree = "<group>"; };
		E25F23CA26E7C38D00B2EF0C /* FavouriteVC.swift */ = {isa = PBXFileReference; lastKnownFileType = sourcecode.swift; path = FavouriteVC.swift; sourceTree = "<group>"; };
		E2856FCD26E8F9D7001DA902 /* CartVC.swift */ = {isa = PBXFileReference; lastKnownFileType = sourcecode.swift; path = CartVC.swift; sourceTree = "<group>"; };
		E2856FD026E8FA19001DA902 /* CartCell.swift */ = {isa = PBXFileReference; lastKnownFileType = sourcecode.swift; path = CartCell.swift; sourceTree = "<group>"; };
		E2856FD126E8FA19001DA902 /* CartCell.xib */ = {isa = PBXFileReference; lastKnownFileType = file.xib; path = CartCell.xib; sourceTree = "<group>"; };
		E28BCF5F2701467B0044FC98 /* WhiteCustomView.swift */ = {isa = PBXFileReference; lastKnownFileType = sourcecode.swift; path = WhiteCustomView.swift; sourceTree = "<group>"; };
		E299C13426E81E2800B51DAE /* OrderDetailsVC.swift */ = {isa = PBXFileReference; lastKnownFileType = sourcecode.swift; path = OrderDetailsVC.swift; sourceTree = "<group>"; };
		E299C13726E81EC200B51DAE /* SliderCell.swift */ = {isa = PBXFileReference; lastKnownFileType = sourcecode.swift; path = SliderCell.swift; sourceTree = "<group>"; };
		E299C13826E81EC200B51DAE /* SliderCell.xib */ = {isa = PBXFileReference; lastKnownFileType = file.xib; path = SliderCell.xib; sourceTree = "<group>"; };
		E29A4D8026EC1C4F0013D5F9 /* CartModel.swift */ = {isa = PBXFileReference; lastKnownFileType = sourcecode.swift; path = CartModel.swift; sourceTree = "<group>"; };
		E29A4D8226EC1C960013D5F9 /* CartViewModel.swift */ = {isa = PBXFileReference; lastKnownFileType = sourcecode.swift; path = CartViewModel.swift; sourceTree = "<group>"; };
		E2B248AE26ED149000E04565 /* DataBaseCartManager.swift */ = {isa = PBXFileReference; lastKnownFileType = sourcecode.swift; path = DataBaseCartManager.swift; sourceTree = "<group>"; };
		E2B943D326EA643F00955E6F /* AMToaster.swift */ = {isa = PBXFileReference; fileEncoding = 4; lastKnownFileType = sourcecode.swift; path = AMToaster.swift; sourceTree = "<group>"; };
		E2B943D426EA643F00955E6F /* AMToaster.xib */ = {isa = PBXFileReference; fileEncoding = 4; lastKnownFileType = file.xib; path = AMToaster.xib; sourceTree = "<group>"; };
		E2B943D726EA652300955E6F /* DataBaseManager.swift */ = {isa = PBXFileReference; lastKnownFileType = sourcecode.swift; path = DataBaseManager.swift; sourceTree = "<group>"; };
		E2BBD11526E684640071C2DB /* AppSquareTask.app */ = {isa = PBXFileReference; explicitFileType = wrapper.application; includeInIndex = 0; path = AppSquareTask.app; sourceTree = BUILT_PRODUCTS_DIR; };
		E2BBD11826E684640071C2DB /* AppDelegate.swift */ = {isa = PBXFileReference; lastKnownFileType = sourcecode.swift; path = AppDelegate.swift; sourceTree = "<group>"; };
		E2BBD11A26E684640071C2DB /* SceneDelegate.swift */ = {isa = PBXFileReference; lastKnownFileType = sourcecode.swift; path = SceneDelegate.swift; sourceTree = "<group>"; };
		E2BBD11F26E684640071C2DB /* Base */ = {isa = PBXFileReference; lastKnownFileType = file.storyboard; name = Base; path = Base.lproj/Main.storyboard; sourceTree = "<group>"; };
		E2BBD12226E684640071C2DB /* AppSquareTask.xcdatamodel */ = {isa = PBXFileReference; lastKnownFileType = wrapper.xcdatamodel; path = AppSquareTask.xcdatamodel; sourceTree = "<group>"; };
		E2BBD12426E684650071C2DB /* Assets.xcassets */ = {isa = PBXFileReference; lastKnownFileType = folder.assetcatalog; path = Assets.xcassets; sourceTree = "<group>"; };
		E2BBD12726E684650071C2DB /* Base */ = {isa = PBXFileReference; lastKnownFileType = file.storyboard; name = Base; path = Base.lproj/LaunchScreen.storyboard; sourceTree = "<group>"; };
		E2BBD12926E684650071C2DB /* Info.plist */ = {isa = PBXFileReference; lastKnownFileType = text.plist.xml; path = Info.plist; sourceTree = "<group>"; };
		E2D4F2CA26ED3B9F0037F62C /* TabBarController.swift */ = {isa = PBXFileReference; lastKnownFileType = sourcecode.swift; path = TabBarController.swift; sourceTree = "<group>"; };
		E2EA32E126E7B9CA00A2FD5E /* WishListCell.swift */ = {isa = PBXFileReference; lastKnownFileType = sourcecode.swift; path = WishListCell.swift; sourceTree = "<group>"; };
		E2EA32E226E7B9CA00A2FD5E /* WishListCell.xib */ = {isa = PBXFileReference; lastKnownFileType = file.xib; path = WishListCell.xib; sourceTree = "<group>"; };
		E2F09F012700C8A800211FEB /* CustomView.swift */ = {isa = PBXFileReference; lastKnownFileType = sourcecode.swift; path = CustomView.swift; sourceTree = "<group>"; };
		E2F09F032700C97C00211FEB /* CGFloat+Extensions.swift */ = {isa = PBXFileReference; lastKnownFileType = sourcecode.swift; path = "CGFloat+Extensions.swift"; sourceTree = "<group>"; };
		E2F09F052700C9AC00211FEB /* CGPoint+Extensions.swift */ = {isa = PBXFileReference; lastKnownFileType = sourcecode.swift; path = "CGPoint+Extensions.swift"; sourceTree = "<group>"; };
/* End PBXFileReference section */

/* Begin PBXFrameworksBuildPhase section */
		E2BBD11226E684630071C2DB /* Frameworks */ = {
			isa = PBXFrameworksBuildPhase;
			buildActionMask = 2147483647;
			files = (
			);
			runOnlyForDeploymentPostprocessing = 0;
		};
/* End PBXFrameworksBuildPhase section */

/* Begin PBXGroup section */
		E221011726E74D4000B6FF4F /* CustomCells */ = {
			isa = PBXGroup;
			children = (
				E2856FCF26E8F9F9001DA902 /* CartCell */,
				E299C13626E81EA200B51DAE /* SliderCell */,
				E2EA32E026E7B9A900A2FD5E /* WishListCell */,
				E25F23C526E7C05400B2EF0C /* ProductsCell */,
				E221011826E74D4700B6FF4F /* CategoryCell */,
			);
			path = CustomCells;
			sourceTree = "<group>";
		};
		E221011826E74D4700B6FF4F /* CategoryCell */ = {
			isa = PBXGroup;
			children = (
				E221011A26E74D6E00B6FF4F /* CategoryCell.swift */,
				E221011B26E74D6E00B6FF4F /* CategoryCell.xib */,
			);
			path = CategoryCell;
			sourceTree = "<group>";
		};
		E221011E26E74E5100B6FF4F /* View */ = {
			isa = PBXGroup;
			children = (
				E221011F26E74E5700B6FF4F /* Controllers */,
				E221011726E74D4000B6FF4F /* CustomCells */,
			);
			path = View;
			sourceTree = "<group>";
		};
		E221011F26E74E5700B6FF4F /* Controllers */ = {
			isa = PBXGroup;
			children = (
				E221012026E74E7300B6FF4F /* HomeVC.swift */,
				E25F23CA26E7C38D00B2EF0C /* FavouriteVC.swift */,
				E299C13426E81E2800B51DAE /* OrderDetailsVC.swift */,
				E2856FCD26E8F9D7001DA902 /* CartVC.swift */,
			);
			path = Controllers;
			sourceTree = "<group>";
		};
		E221012226E74ED100B6FF4F /* Model */ = {
			isa = PBXGroup;
			children = (
				E221012326E74EE400B6FF4F /* CategoryModel.swift */,
				E29A4D8026EC1C4F0013D5F9 /* CartModel.swift */,
			);
			path = Model;
			sourceTree = "<group>";
		};
		E221012526E74F0400B6FF4F /* ViewModel */ = {
			isa = PBXGroup;
			children = (
				E221012826E7510300B6FF4F /* HomeViewModel.swift */,
				E29A4D8226EC1C960013D5F9 /* CartViewModel.swift */,
			);
			path = ViewModel;
			sourceTree = "<group>";
		};
		E25F23C526E7C05400B2EF0C /* ProductsCell */ = {
			isa = PBXGroup;
			children = (
				E25F23C626E7C07200B2EF0C /* ProductsCell.swift */,
				E25F23C726E7C07200B2EF0C /* ProductsCell.xib */,
			);
			path = ProductsCell;
			sourceTree = "<group>";
		};
		E2856FCF26E8F9F9001DA902 /* CartCell */ = {
			isa = PBXGroup;
			children = (
				E2856FD026E8FA19001DA902 /* CartCell.swift */,
				E2856FD126E8FA19001DA902 /* CartCell.xib */,
			);
			path = CartCell;
			sourceTree = "<group>";
		};
		E299C13626E81EA200B51DAE /* SliderCell */ = {
			isa = PBXGroup;
			children = (
				E299C13726E81EC200B51DAE /* SliderCell.swift */,
				E299C13826E81EC200B51DAE /* SliderCell.xib */,
			);
			path = SliderCell;
			sourceTree = "<group>";
		};
		E2B943D126EA641700955E6F /* CoreDataManager */ = {
			isa = PBXGroup;
			children = (
				E2B943D726EA652300955E6F /* DataBaseManager.swift */,
				E2B248AE26ED149000E04565 /* DataBaseCartManager.swift */,
			);
			path = CoreDataManager;
			sourceTree = "<group>";
		};
		E2B943D226EA643F00955E6F /* Toaster */ = {
			isa = PBXGroup;
			children = (
				E2B943D326EA643F00955E6F /* AMToaster.swift */,
				E2B943D426EA643F00955E6F /* AMToaster.xib */,
			);
			name = Toaster;
			path = ../../BrightskiesTask/BrightskiesTask/Toaster;
			sourceTree = "<group>";
		};
		E2BBD10C26E684630071C2DB = {
			isa = PBXGroup;
			children = (
				E2BBD11726E684640071C2DB /* AppSquareTask */,
				E2BBD11626E684640071C2DB /* Products */,
			);
			sourceTree = "<group>";
		};
		E2BBD11626E684640071C2DB /* Products */ = {
			isa = PBXGroup;
			children = (
				E2BBD11526E684640071C2DB /* AppSquareTask.app */,
			);
			name = Products;
			sourceTree = "<group>";
		};
		E2BBD11726E684640071C2DB /* AppSquareTask */ = {
			isa = PBXGroup;
			children = (
				E2D4F2C926ED3B950037F62C /* Utilities */,
				E2B943D226EA643F00955E6F /* Toaster */,
				E2B943D126EA641700955E6F /* CoreDataManager */,
				E2EA32E726E7BADF00A2FD5E /* Core */,
				E2EA32E626E7BAD000A2FD5E /* Storyboards */,
				E2EA32E526E7BAC100A2FD5E /* Resources */,
				E221012526E74F0400B6FF4F /* ViewModel */,
				E221012226E74ED100B6FF4F /* Model */,
				E221011E26E74E5100B6FF4F /* View */,
				E2BBD12926E684650071C2DB /* Info.plist */,
				E2BBD12126E684640071C2DB /* AppSquareTask.xcdatamodeld */,
			);
			path = AppSquareTask;
			sourceTree = "<group>";
		};
		E2D4F2C926ED3B950037F62C /* Utilities */ = {
			isa = PBXGroup;
			children = (
				E221012E26E764FC00B6FF4F /* Extensions.swift */,
				E2D4F2CA26ED3B9F0037F62C /* TabBarController.swift */,
				E221012A26E75E3E00B6FF4F /* DemoView.swift */,
				E218E66926E6972800BE2EF8 /* TabBarWithCorners.swift */,
				E2F09F012700C8A800211FEB /* CustomView.swift */,
				E2F09F032700C97C00211FEB /* CGFloat+Extensions.swift */,
				E2F09F052700C9AC00211FEB /* CGPoint+Extensions.swift */,
				E28BCF5F2701467B0044FC98 /* WhiteCustomView.swift */,
			);
			path = Utilities;
			sourceTree = "<group>";
		};
		E2EA32E026E7B9A900A2FD5E /* WishListCell */ = {
			isa = PBXGroup;
			children = (
				E2EA32E126E7B9CA00A2FD5E /* WishListCell.swift */,
				E2EA32E226E7B9CA00A2FD5E /* WishListCell.xib */,
			);
			path = WishListCell;
			sourceTree = "<group>";
		};
		E2EA32E526E7BAC100A2FD5E /* Resources */ = {
			isa = PBXGroup;
			children = (
				E2BBD12626E684650071C2DB /* LaunchScreen.storyboard */,
				E2BBD12426E684650071C2DB /* Assets.xcassets */,
			);
			path = Resources;
			sourceTree = "<group>";
		};
		E2EA32E626E7BAD000A2FD5E /* Storyboards */ = {
			isa = PBXGroup;
			children = (
				E2BBD11E26E684640071C2DB /* Main.storyboard */,
			);
			path = Storyboards;
			sourceTree = "<group>";
		};
		E2EA32E726E7BADF00A2FD5E /* Core */ = {
			isa = PBXGroup;
			children = (
				E2BBD11A26E684640071C2DB /* SceneDelegate.swift */,
				E2BBD11826E684640071C2DB /* AppDelegate.swift */,
			);
			path = Core;
			sourceTree = "<group>";
		};
/* End PBXGroup section */

/* Begin PBXNativeTarget section */
		E2BBD11426E684630071C2DB /* AppSquareTask */ = {
			isa = PBXNativeTarget;
			buildConfigurationList = E2BBD12C26E684650071C2DB /* Build configuration list for PBXNativeTarget "AppSquareTask" */;
			buildPhases = (
				E2BBD11126E684630071C2DB /* Sources */,
				E2BBD11226E684630071C2DB /* Frameworks */,
				E2BBD11326E684630071C2DB /* Resources */,
			);
			buildRules = (
			);
			dependencies = (
			);
			name = AppSquareTask;
			productName = AppSquareTask;
			productReference = E2BBD11526E684640071C2DB /* AppSquareTask.app */;
			productType = "com.apple.product-type.application";
		};
/* End PBXNativeTarget section */

/* Begin PBXProject section */
		E2BBD10D26E684630071C2DB /* Project object */ = {
			isa = PBXProject;
			attributes = {
				LastSwiftUpdateCheck = 1130;
				LastUpgradeCheck = 1130;
				ORGANIZATIONNAME = eramint.com;
				TargetAttributes = {
					E2BBD11426E684630071C2DB = {
						CreatedOnToolsVersion = 11.3.1;
					};
				};
			};
			buildConfigurationList = E2BBD11026E684630071C2DB /* Build configuration list for PBXProject "AppSquareTask" */;
			compatibilityVersion = "Xcode 9.3";
			developmentRegion = en;
			hasScannedForEncodings = 0;
			knownRegions = (
				en,
				Base,
			);
			mainGroup = E2BBD10C26E684630071C2DB;
			productRefGroup = E2BBD11626E684640071C2DB /* Products */;
			projectDirPath = "";
			projectRoot = "";
			targets = (
				E2BBD11426E684630071C2DB /* AppSquareTask */,
			);
		};
/* End PBXProject section */

/* Begin PBXResourcesBuildPhase section */
		E2BBD11326E684630071C2DB /* Resources */ = {
			isa = PBXResourcesBuildPhase;
			buildActionMask = 2147483647;
			files = (
				E2B943D626EA644000955E6F /* AMToaster.xib in Resources */,
				E2EA32E426E7B9CA00A2FD5E /* WishListCell.xib in Resources */,
				E2BBD12826E684650071C2DB /* LaunchScreen.storyboard in Resources */,
				E2BBD12526E684650071C2DB /* Assets.xcassets in Resources */,
				E299C13A26E81EC200B51DAE /* SliderCell.xib in Resources */,
				E25F23C926E7C07200B2EF0C /* ProductsCell.xib in Resources */,
				E2BBD12026E684640071C2DB /* Main.storyboard in Resources */,
				E221011D26E74D6E00B6FF4F /* CategoryCell.xib in Resources */,
				E2856FD326E8FA19001DA902 /* CartCell.xib in Resources */,
			);
			runOnlyForDeploymentPostprocessing = 0;
		};
/* End PBXResourcesBuildPhase section */

/* Begin PBXSourcesBuildPhase section */
		E2BBD11126E684630071C2DB /* Sources */ = {
			isa = PBXSourcesBuildPhase;
			buildActionMask = 2147483647;
			files = (
				E2856FD226E8FA19001DA902 /* CartCell.swift in Sources */,
				E221012126E74E7300B6FF4F /* HomeVC.swift in Sources */,
				E2EA32E326E7B9CA00A2FD5E /* WishListCell.swift in Sources */,
				E2B943D826EA652300955E6F /* DataBaseManager.swift in Sources */,
				E299C13926E81EC200B51DAE /* SliderCell.swift in Sources */,
				E2B943D526EA644000955E6F /* AMToaster.swift in Sources */,
				E2F09F062700C9AC00211FEB /* CGPoint+Extensions.swift in Sources */,
				E28BCF602701467B0044FC98 /* WhiteCustomView.swift in Sources */,
				E221012926E7510300B6FF4F /* HomeViewModel.swift in Sources */,
				E29A4D8326EC1C960013D5F9 /* CartViewModel.swift in Sources */,
				E2F09F022700C8A800211FEB /* CustomView.swift in Sources */,
				E2BBD11926E684640071C2DB /* AppDelegate.swift in Sources */,
				E2BBD11B26E684640071C2DB /* SceneDelegate.swift in Sources */,
				E218E66A26E6972800BE2EF8 /* TabBarWithCorners.swift in Sources */,
				E221012F26E764FC00B6FF4F /* Extensions.swift in Sources */,
				E2B248AF26ED149000E04565 /* DataBaseCartManager.swift in Sources */,
				E221012426E74EE400B6FF4F /* CategoryModel.swift in Sources */,
				E299C13526E81E2800B51DAE /* OrderDetailsVC.swift in Sources */,
				E29A4D8126EC1C4F0013D5F9 /* CartModel.swift in Sources */,
				E25F23C826E7C07200B2EF0C /* ProductsCell.swift in Sources */,
				E25F23CB26E7C38D00B2EF0C /* FavouriteVC.swift in Sources */,
				E2856FCE26E8F9D7001DA902 /* CartVC.swift in Sources */,
				E2BBD12326E684640071C2DB /* AppSquareTask.xcdatamodeld in Sources */,
				E221012B26E75E3E00B6FF4F /* DemoView.swift in Sources */,
				E2F09F042700C97C00211FEB /* CGFloat+Extensions.swift in Sources */,
				E221011C26E74D6E00B6FF4F /* CategoryCell.swift in Sources */,
			);
			runOnlyForDeploymentPostprocessing = 0;
		};
/* End PBXSourcesBuildPhase section */

/* Begin PBXVariantGroup section */
		E2BBD11E26E684640071C2DB /* Main.storyboard */ = {
			isa = PBXVariantGroup;
			children = (
				E2BBD11F26E684640071C2DB /* Base */,
			);
			name = Main.storyboard;
			sourceTree = "<group>";
		};
		E2BBD12626E684650071C2DB /* LaunchScreen.storyboard */ = {
			isa = PBXVariantGroup;
			children = (
				E2BBD12726E684650071C2DB /* Base */,
			);
			name = LaunchScreen.storyboard;
			sourceTree = "<group>";
		};
/* End PBXVariantGroup section */

/* Begin XCBuildConfiguration section */
		E2BBD12A26E684650071C2DB /* Debug */ = {
			isa = XCBuildConfiguration;
			buildSettings = {
				ALWAYS_SEARCH_USER_PATHS = NO;
				CLANG_ANALYZER_NONNULL = YES;
				CLANG_ANALYZER_NUMBER_OBJECT_CONVERSION = YES_AGGRESSIVE;
				CLANG_CXX_LANGUAGE_STANDARD = "gnu++14";
				CLANG_CXX_LIBRARY = "libc++";
				CLANG_ENABLE_MODULES = YES;
				CLANG_ENABLE_OBJC_ARC = YES;
				CLANG_ENABLE_OBJC_WEAK = YES;
				CLANG_WARN_BLOCK_CAPTURE_AUTORELEASING = YES;
				CLANG_WARN_BOOL_CONVERSION = YES;
				CLANG_WARN_COMMA = YES;
				CLANG_WARN_CONSTANT_CONVERSION = YES;
				CLANG_WARN_DEPRECATED_OBJC_IMPLEMENTATIONS = YES;
				CLANG_WARN_DIRECT_OBJC_ISA_USAGE = YES_ERROR;
				CLANG_WARN_DOCUMENTATION_COMMENTS = YES;
				CLANG_WARN_EMPTY_BODY = YES;
				CLANG_WARN_ENUM_CONVERSION = YES;
				CLANG_WARN_INFINITE_RECURSION = YES;
				CLANG_WARN_INT_CONVERSION = YES;
				CLANG_WARN_NON_LITERAL_NULL_CONVERSION = YES;
				CLANG_WARN_OBJC_IMPLICIT_RETAIN_SELF = YES;
				CLANG_WARN_OBJC_LITERAL_CONVERSION = YES;
				CLANG_WARN_OBJC_ROOT_CLASS = YES_ERROR;
				CLANG_WARN_RANGE_LOOP_ANALYSIS = YES;
				CLANG_WARN_STRICT_PROTOTYPES = YES;
				CLANG_WARN_SUSPICIOUS_MOVE = YES;
				CLANG_WARN_UNGUARDED_AVAILABILITY = YES_AGGRESSIVE;
				CLANG_WARN_UNREACHABLE_CODE = YES;
				CLANG_WARN__DUPLICATE_METHOD_MATCH = YES;
				COPY_PHASE_STRIP = NO;
				DEBUG_INFORMATION_FORMAT = dwarf;
				ENABLE_STRICT_OBJC_MSGSEND = YES;
				ENABLE_TESTABILITY = YES;
				GCC_C_LANGUAGE_STANDARD = gnu11;
				GCC_DYNAMIC_NO_PIC = NO;
				GCC_NO_COMMON_BLOCKS = YES;
				GCC_OPTIMIZATION_LEVEL = 0;
				GCC_PREPROCESSOR_DEFINITIONS = (
					"DEBUG=1",
					"$(inherited)",
				);
				GCC_WARN_64_TO_32_BIT_CONVERSION = YES;
				GCC_WARN_ABOUT_RETURN_TYPE = YES_ERROR;
				GCC_WARN_UNDECLARED_SELECTOR = YES;
				GCC_WARN_UNINITIALIZED_AUTOS = YES_AGGRESSIVE;
				GCC_WARN_UNUSED_FUNCTION = YES;
				GCC_WARN_UNUSED_VARIABLE = YES;
				IPHONEOS_DEPLOYMENT_TARGET = 13.2;
				MTL_ENABLE_DEBUG_INFO = INCLUDE_SOURCE;
				MTL_FAST_MATH = YES;
				ONLY_ACTIVE_ARCH = YES;
				SDKROOT = iphoneos;
				SWIFT_ACTIVE_COMPILATION_CONDITIONS = DEBUG;
				SWIFT_OPTIMIZATION_LEVEL = "-Onone";
			};
			name = Debug;
		};
		E2BBD12B26E684650071C2DB /* Release */ = {
			isa = XCBuildConfiguration;
			buildSettings = {
				ALWAYS_SEARCH_USER_PATHS = NO;
				CLANG_ANALYZER_NONNULL = YES;
				CLANG_ANALYZER_NUMBER_OBJECT_CONVERSION = YES_AGGRESSIVE;
				CLANG_CXX_LANGUAGE_STANDARD = "gnu++14";
				CLANG_CXX_LIBRARY = "libc++";
				CLANG_ENABLE_MODULES = YES;
				CLANG_ENABLE_OBJC_ARC = YES;
				CLANG_ENABLE_OBJC_WEAK = YES;
				CLANG_WARN_BLOCK_CAPTURE_AUTORELEASING = YES;
				CLANG_WARN_BOOL_CONVERSION = YES;
				CLANG_WARN_COMMA = YES;
				CLANG_WARN_CONSTANT_CONVERSION = YES;
				CLANG_WARN_DEPRECATED_OBJC_IMPLEMENTATIONS = YES;
				CLANG_WARN_DIRECT_OBJC_ISA_USAGE = YES_ERROR;
				CLANG_WARN_DOCUMENTATION_COMMENTS = YES;
				CLANG_WARN_EMPTY_BODY = YES;
				CLANG_WARN_ENUM_CONVERSION = YES;
				CLANG_WARN_INFINITE_RECURSION = YES;
				CLANG_WARN_INT_CONVERSION = YES;
				CLANG_WARN_NON_LITERAL_NULL_CONVERSION = YES;
				CLANG_WARN_OBJC_IMPLICIT_RETAIN_SELF = YES;
				CLANG_WARN_OBJC_LITERAL_CONVERSION = YES;
				CLANG_WARN_OBJC_ROOT_CLASS = YES_ERROR;
				CLANG_WARN_RANGE_LOOP_ANALYSIS = YES;
				CLANG_WARN_STRICT_PROTOTYPES = YES;
				CLANG_WARN_SUSPICIOUS_MOVE = YES;
				CLANG_WARN_UNGUARDED_AVAILABILITY = YES_AGGRESSIVE;
				CLANG_WARN_UNREACHABLE_CODE = YES;
				CLANG_WARN__DUPLICATE_METHOD_MATCH = YES;
				COPY_PHASE_STRIP = NO;
				DEBUG_INFORMATION_FORMAT = "dwarf-with-dsym";
				ENABLE_NS_ASSERTIONS = NO;
				ENABLE_STRICT_OBJC_MSGSEND = YES;
				GCC_C_LANGUAGE_STANDARD = gnu11;
				GCC_NO_COMMON_BLOCKS = YES;
				GCC_WARN_64_TO_32_BIT_CONVERSION = YES;
				GCC_WARN_ABOUT_RETURN_TYPE = YES_ERROR;
				GCC_WARN_UNDECLARED_SELECTOR = YES;
				GCC_WARN_UNINITIALIZED_AUTOS = YES_AGGRESSIVE;
				GCC_WARN_UNUSED_FUNCTION = YES;
				GCC_WARN_UNUSED_VARIABLE = YES;
				IPHONEOS_DEPLOYMENT_TARGET = 13.2;
				MTL_ENABLE_DEBUG_INFO = NO;
				MTL_FAST_MATH = YES;
				SDKROOT = iphoneos;
				SWIFT_COMPILATION_MODE = wholemodule;
				SWIFT_OPTIMIZATION_LEVEL = "-O";
				VALIDATE_PRODUCT = YES;
			};
			name = Release;
		};
		E2BBD12D26E684650071C2DB /* Debug */ = {
			isa = XCBuildConfiguration;
			buildSettings = {
				ASSETCATALOG_COMPILER_APPICON_NAME = AppIcon;
				CODE_SIGN_STYLE = Automatic;
				DEVELOPMENT_TEAM = 49S67L89RZ;
				INFOPLIST_FILE = AppSquareTask/Info.plist;
				LD_RUNPATH_SEARCH_PATHS = (
					"$(inherited)",
					"@executable_path/Frameworks",
				);
				PRODUCT_BUNDLE_IDENTIFIER = Eramint.com.AppSquareTask;
				PRODUCT_NAME = "$(TARGET_NAME)";
				SWIFT_VERSION = 5.0;
				TARGETED_DEVICE_FAMILY = "1,2";
			};
			name = Debug;
		};
		E2BBD12E26E684650071C2DB /* Release */ = {
			isa = XCBuildConfiguration;
			buildSettings = {
				ASSETCATALOG_COMPILER_APPICON_NAME = AppIcon;
				CODE_SIGN_STYLE = Automatic;
				DEVELOPMENT_TEAM = 49S67L89RZ;
				INFOPLIST_FILE = AppSquareTask/Info.plist;
				LD_RUNPATH_SEARCH_PATHS = (
					"$(inherited)",
					"@executable_path/Frameworks",
				);
				PRODUCT_BUNDLE_IDENTIFIER = Eramint.com.AppSquareTask;
				PRODUCT_NAME = "$(TARGET_NAME)";
				SWIFT_VERSION = 5.0;
				TARGETED_DEVICE_FAMILY = "1,2";
			};
			name = Release;
		};
/* End XCBuildConfiguration section */

/* Begin XCConfigurationList section */
		E2BBD11026E684630071C2DB /* Build configuration list for PBXProject "AppSquareTask" */ = {
			isa = XCConfigurationList;
			buildConfigurations = (
				E2BBD12A26E684650071C2DB /* Debug */,
				E2BBD12B26E684650071C2DB /* Release */,
			);
			defaultConfigurationIsVisible = 0;
			defaultConfigurationName = Release;
		};
		E2BBD12C26E684650071C2DB /* Build configuration list for PBXNativeTarget "AppSquareTask" */ = {
			isa = XCConfigurationList;
			buildConfigurations = (
				E2BBD12D26E684650071C2DB /* Debug */,
				E2BBD12E26E684650071C2DB /* Release */,
			);
			defaultConfigurationIsVisible = 0;
			defaultConfigurationName = Release;
		};
/* End XCConfigurationList section */

/* Begin XCVersionGroup section */
		E2BBD12126E684640071C2DB /* AppSquareTask.xcdatamodeld */ = {
			isa = XCVersionGroup;
			children = (
				E2BBD12226E684640071C2DB /* AppSquareTask.xcdatamodel */,
			);
			currentVersion = E2BBD12226E684640071C2DB /* AppSquareTask.xcdatamodel */;
			path = AppSquareTask.xcdatamodeld;
			sourceTree = "<group>";
			versionGroupType = wrapper.xcdatamodel;
		};
/* End XCVersionGroup section */
	};
	rootObject = E2BBD10D26E684630071C2DB /* Project object */;
}
